# THIS IS AN AUTOGENERATED FILE. DO NOT EDIT THIS FILE DIRECTLY.
# yarn lockfile v1


zenroom@^2.1.0:
  version "2.1.0"
  resolved "https://registry.yarnpkg.com/zenroom/-/zenroom-2.1.0.tgz#d3d1fc084c7134a20b798ad84a116229c0eed41b"
  integrity sha512-+8jgmx+cUwLC2cFufkID6UjCLAOXoqTV9U66OO7rHn1xor6kCGfFwWUaK7SXtiuAjvFSKpQqZ9LS8yagzLVHWA==
